// !$*UTF8*$!
{
	archiveVersion = 1;
	classes = {
	};
	objectVersion = 46;
	objects = {

/* Begin PBXBuildFile section */
		053AD0FE01694A959ABEDD01 /* libPods.a in Frameworks */ = {isa = PBXBuildFile; fileRef = 998187E241CD496CAC7410EA /* libPods.a */; };
		C00948D1172A0D950036D5DB /* UIKit.framework in Frameworks */ = {isa = PBXBuildFile; fileRef = C00948D0172A0D950036D5DB /* UIKit.framework */; };
		C00948D3172A0D950036D5DB /* Foundation.framework in Frameworks */ = {isa = PBXBuildFile; fileRef = C00948D2172A0D950036D5DB /* Foundation.framework */; };
		C00948D5172A0D950036D5DB /* CoreGraphics.framework in Frameworks */ = {isa = PBXBuildFile; fileRef = C00948D4172A0D950036D5DB /* CoreGraphics.framework */; };
		C00948DB172A0D950036D5DB /* InfoPlist.strings in Resources */ = {isa = PBXBuildFile; fileRef = C00948D9172A0D950036D5DB /* InfoPlist.strings */; };
		C00948DD172A0D950036D5DB /* main.m in Sources */ = {isa = PBXBuildFile; fileRef = C00948DC172A0D950036D5DB /* main.m */; };
		C00948E1172A0D950036D5DB /* SEGAppDelegate.m in Sources */ = {isa = PBXBuildFile; fileRef = C00948E0172A0D950036D5DB /* SEGAppDelegate.m */; };
		C00948E3172A0D950036D5DB /* Default.png in Resources */ = {isa = PBXBuildFile; fileRef = C00948E2172A0D950036D5DB /* Default.png */; };
		C00948E5172A0D950036D5DB /* Default@2x.png in Resources */ = {isa = PBXBuildFile; fileRef = C00948E4172A0D950036D5DB /* Default@2x.png */; };
		C00948E7172A0D950036D5DB /* Default-568h@2x.png in Resources */ = {isa = PBXBuildFile; fileRef = C00948E6172A0D950036D5DB /* Default-568h@2x.png */; };
		C00948F3172A1D5E0036D5DB /* SEGUser.m in Sources */ = {isa = PBXBuildFile; fileRef = C00948F2172A1D5E0036D5DB /* SEGUser.m */; };
		C00948F9172B4D710036D5DB /* SEGFollowVC.m in Sources */ = {isa = PBXBuildFile; fileRef = C00948F8172B4D710036D5DB /* SEGFollowVC.m */; };
		C00948FC172B5C0B0036D5DB /* SEGADNCell.m in Sources */ = {isa = PBXBuildFile; fileRef = C00948FB172B5C0B0036D5DB /* SEGADNCell.m */; };
		C00948FF172B602B0036D5DB /* SEGADNViewController.m in Sources */ = {isa = PBXBuildFile; fileRef = C00948FE172B602B0036D5DB /* SEGADNViewController.m */; };
		C0094902172B78E80036D5DB /* ss-social-regular.ttf in Resources */ = {isa = PBXBuildFile; fileRef = C0094901172B78E80036D5DB /* ss-social-regular.ttf */; };
		C0094904172B78FC0036D5DB /* ss-standard.ttf in Resources */ = {isa = PBXBuildFile; fileRef = C0094903172B78FC0036D5DB /* ss-standard.ttf */; };
		C0094906172B7E1D0036D5DB /* bg.jpg in Resources */ = {isa = PBXBuildFile; fileRef = C0094905172B7E1D0036D5DB /* bg.jpg */; };
		C030D33D172DCF5D002D75AC /* adn.png in Resources */ = {isa = PBXBuildFile; fileRef = C030D33C172DCF5D002D75AC /* adn.png */; };
		C030D33F172DD2D6002D75AC /* website.png in Resources */ = {isa = PBXBuildFile; fileRef = C030D33E172DD2D6002D75AC /* website.png */; };
		C030D341172DD39B002D75AC /* blog.png in Resources */ = {isa = PBXBuildFile; fileRef = C030D340172DD39B002D75AC /* blog.png */; };
		C030D344172DD453002D75AC /* SEGHomeHeader.m in Sources */ = {isa = PBXBuildFile; fileRef = C030D343172DD453002D75AC /* SEGHomeHeader.m */; };
		C030D346172DD4EF002D75AC /* CoreText.framework in Frameworks */ = {isa = PBXBuildFile; fileRef = C030D345172DD4EF002D75AC /* CoreText.framework */; };
		C030D348172DDDD0002D75AC /* 10s.png in Resources */ = {isa = PBXBuildFile; fileRef = C030D347172DDDD0002D75AC /* 10s.png */; };
		C030D34A172DED80002D75AC /* bookmark.png in Resources */ = {isa = PBXBuildFile; fileRef = C030D349172DED80002D75AC /* bookmark.png */; };
		C030D34C172DEDEE002D75AC /* youtube.png in Resources */ = {isa = PBXBuildFile; fileRef = C030D34B172DEDEE002D75AC /* youtube.png */; };
		C030D34E172DEE92002D75AC /* apps.png in Resources */ = {isa = PBXBuildFile; fileRef = C030D34D172DEE92002D75AC /* apps.png */; };
		C030D351172DF4CB002D75AC /* SEGBookmarksVC.m in Sources */ = {isa = PBXBuildFile; fileRef = C030D350172DF4CB002D75AC /* SEGBookmarksVC.m */; };
		C035AF40172C496A00F294C5 /* SEGHomeVC.m in Sources */ = {isa = PBXBuildFile; fileRef = C035AF3F172C496A00F294C5 /* SEGHomeVC.m */; };
		C035AF43172C4C2C00F294C5 /* SEGCollectionViewCell.m in Sources */ = {isa = PBXBuildFile; fileRef = C035AF42172C4C2C00F294C5 /* SEGCollectionViewCell.m */; };
		C035AF4D172C70FF00F294C5 /* backIcon.png in Resources */ = {isa = PBXBuildFile; fileRef = C035AF46172C70FF00F294C5 /* backIcon.png */; };
		C035AF4E172C70FF00F294C5 /* backIcon@2x.png in Resources */ = {isa = PBXBuildFile; fileRef = C035AF47172C70FF00F294C5 /* backIcon@2x.png */; };
		C035AF4F172C70FF00F294C5 /* forwardIcon.png in Resources */ = {isa = PBXBuildFile; fileRef = C035AF48172C70FF00F294C5 /* forwardIcon.png */; };
		C035AF50172C70FF00F294C5 /* forwardIcon@2x.png in Resources */ = {isa = PBXBuildFile; fileRef = C035AF49172C70FF00F294C5 /* forwardIcon@2x.png */; };
		C035AF51172C70FF00F294C5 /* JHWebBrowser.m in Sources */ = {isa = PBXBuildFile; fileRef = C035AF4B172C70FF00F294C5 /* JHWebBrowser.m */; };
		C035AF52172C70FF00F294C5 /* JHWebBrowser.xib in Resources */ = {isa = PBXBuildFile; fileRef = C035AF4C172C70FF00F294C5 /* JHWebBrowser.xib */; };
		C035AF55172C74A300F294C5 /* SEGBlogListVC.m in Sources */ = {isa = PBXBuildFile; fileRef = C035AF54172C74A300F294C5 /* SEGBlogListVC.m */; };
		C035AF5B172C830C00F294C5 /* DetailViewController.m in Sources */ = {isa = PBXBuildFile; fileRef = C035AF58172C830C00F294C5 /* DetailViewController.m */; };
		C035AF5C172C830C00F294C5 /* VerticalSwipeScrollView.m in Sources */ = {isa = PBXBuildFile; fileRef = C035AF5A172C830C00F294C5 /* VerticalSwipeScrollView.m */; };
		C035AF61172C831900F294C5 /* DetailViewController.xib in Resources */ = {isa = PBXBuildFile; fileRef = C035AF5D172C831900F294C5 /* DetailViewController.xib */; };
		C035AF62172C831900F294C5 /* PullArrow.png in Resources */ = {isa = PBXBuildFile; fileRef = C035AF5E172C831900F294C5 /* PullArrow.png */; };
		C035AF63172C831900F294C5 /* PullArrow@2x.png in Resources */ = {isa = PBXBuildFile; fileRef = C035AF5F172C831900F294C5 /* PullArrow@2x.png */; };
		C035AF64172C831900F294C5 /* DetailView.html in Resources */ = {isa = PBXBuildFile; fileRef = C035AF60172C831900F294C5 /* DetailView.html */; };
		C035AF67172C9D9F00F294C5 /* SEGYoutubeCollectionVC.m in Sources */ = {isa = PBXBuildFile; fileRef = C035AF66172C9D9F00F294C5 /* SEGYoutubeCollectionVC.m */; };
		C035AF6A172CB95700F294C5 /* SEGYoutubeCell.m in Sources */ = {isa = PBXBuildFile; fileRef = C035AF69172CB95600F294C5 /* SEGYoutubeCell.m */; };
		C035AF6C172CC97300F294C5 /* MediaPlayer.framework in Frameworks */ = {isa = PBXBuildFile; fileRef = C035AF6B172CC97300F294C5 /* MediaPlayer.framework */; };
/* End PBXBuildFile section */

/* Begin PBXFileReference section */
		998187E241CD496CAC7410EA /* libPods.a */ = {isa = PBXFileReference; explicitFileType = archive.ar; includeInIndex = 0; path = libPods.a; sourceTree = BUILT_PRODUCTS_DIR; };
		C00948CD172A0D950036D5DB /* AllAboutMe.app */ = {isa = PBXFileReference; explicitFileType = wrapper.application; includeInIndex = 0; path = AllAboutMe.app; sourceTree = BUILT_PRODUCTS_DIR; };
		C00948D0172A0D950036D5DB /* UIKit.framework */ = {isa = PBXFileReference; lastKnownFileType = wrapper.framework; name = UIKit.framework; path = System/Library/Frameworks/UIKit.framework; sourceTree = SDKROOT; };
		C00948D2172A0D950036D5DB /* Foundation.framework */ = {isa = PBXFileReference; lastKnownFileType = wrapper.framework; name = Foundation.framework; path = System/Library/Frameworks/Foundation.framework; sourceTree = SDKROOT; };
		C00948D4172A0D950036D5DB /* CoreGraphics.framework */ = {isa = PBXFileReference; lastKnownFileType = wrapper.framework; name = CoreGraphics.framework; path = System/Library/Frameworks/CoreGraphics.framework; sourceTree = SDKROOT; };
		C00948D8172A0D950036D5DB /* AllAboutMe-Info.plist */ = {isa = PBXFileReference; lastKnownFileType = text.plist.xml; path = "AllAboutMe-Info.plist"; sourceTree = "<group>"; };
		C00948DA172A0D950036D5DB /* en */ = {isa = PBXFileReference; lastKnownFileType = text.plist.strings; name = en; path = en.lproj/InfoPlist.strings; sourceTree = "<group>"; };
		C00948DC172A0D950036D5DB /* main.m */ = {isa = PBXFileReference; lastKnownFileType = sourcecode.c.objc; path = main.m; sourceTree = "<group>"; };
		C00948DE172A0D950036D5DB /* AllAboutMe-Prefix.pch */ = {isa = PBXFileReference; lastKnownFileType = sourcecode.c.h; path = "AllAboutMe-Prefix.pch"; sourceTree = "<group>"; };
		C00948DF172A0D950036D5DB /* SEGAppDelegate.h */ = {isa = PBXFileReference; lastKnownFileType = sourcecode.c.h; path = SEGAppDelegate.h; sourceTree = "<group>"; };
		C00948E0172A0D950036D5DB /* SEGAppDelegate.m */ = {isa = PBXFileReference; lastKnownFileType = sourcecode.c.objc; path = SEGAppDelegate.m; sourceTree = "<group>"; };
		C00948E2172A0D950036D5DB /* Default.png */ = {isa = PBXFileReference; lastKnownFileType = image.png; path = Default.png; sourceTree = "<group>"; };
		C00948E4172A0D950036D5DB /* Default@2x.png */ = {isa = PBXFileReference; lastKnownFileType = image.png; path = "Default@2x.png"; sourceTree = "<group>"; };
		C00948E6172A0D950036D5DB /* Default-568h@2x.png */ = {isa = PBXFileReference; lastKnownFileType = image.png; path = "Default-568h@2x.png"; sourceTree = "<group>"; };
		C00948F1172A1D5E0036D5DB /* SEGUser.h */ = {isa = PBXFileReference; fileEncoding = 4; lastKnownFileType = sourcecode.c.h; name = SEGUser.h; path = Model/SEGUser.h; sourceTree = "<group>"; };
		C00948F2172A1D5E0036D5DB /* SEGUser.m */ = {isa = PBXFileReference; fileEncoding = 4; lastKnownFileType = sourcecode.c.objc; name = SEGUser.m; path = Model/SEGUser.m; sourceTree = "<group>"; };
		C00948F7172B4D710036D5DB /* SEGFollowVC.h */ = {isa = PBXFileReference; fileEncoding = 4; lastKnownFileType = sourcecode.c.h; name = SEGFollowVC.h; path = Controller/SEGFollowVC.h; sourceTree = "<group>"; };
		C00948F8172B4D710036D5DB /* SEGFollowVC.m */ = {isa = PBXFileReference; fileEncoding = 4; lastKnownFileType = sourcecode.c.objc; name = SEGFollowVC.m; path = Controller/SEGFollowVC.m; sourceTree = "<group>"; };
		C00948FA172B5C0B0036D5DB /* SEGADNCell.h */ = {isa = PBXFileReference; fileEncoding = 4; lastKnownFileType = sourcecode.c.h; name = SEGADNCell.h; path = View/SEGADNCell.h; sourceTree = "<group>"; };
		C00948FB172B5C0B0036D5DB /* SEGADNCell.m */ = {isa = PBXFileReference; fileEncoding = 4; lastKnownFileType = sourcecode.c.objc; name = SEGADNCell.m; path = View/SEGADNCell.m; sourceTree = "<group>"; };
		C00948FD172B602B0036D5DB /* SEGADNViewController.h */ = {isa = PBXFileReference; fileEncoding = 4; lastKnownFileType = sourcecode.c.h; name = SEGADNViewController.h; path = Controller/SEGADNViewController.h; sourceTree = "<group>"; };
		C00948FE172B602B0036D5DB /* SEGADNViewController.m */ = {isa = PBXFileReference; fileEncoding = 4; lastKnownFileType = sourcecode.c.objc; name = SEGADNViewController.m; path = Controller/SEGADNViewController.m; sourceTree = "<group>"; };
		C0094901172B78E80036D5DB /* ss-social-regular.ttf */ = {isa = PBXFileReference; lastKnownFileType = file; path = "ss-social-regular.ttf"; sourceTree = "<group>"; };
		C0094903172B78FC0036D5DB /* ss-standard.ttf */ = {isa = PBXFileReference; lastKnownFileType = file; path = "ss-standard.ttf"; sourceTree = "<group>"; };
		C0094905172B7E1D0036D5DB /* bg.jpg */ = {isa = PBXFileReference; lastKnownFileType = image.jpeg; path = bg.jpg; sourceTree = "<group>"; };
		C030D33C172DCF5D002D75AC /* adn.png */ = {isa = PBXFileReference; lastKnownFileType = image.png; path = adn.png; sourceTree = "<group>"; };
		C030D33E172DD2D6002D75AC /* website.png */ = {isa = PBXFileReference; lastKnownFileType = image.png; path = website.png; sourceTree = "<group>"; };
		C030D340172DD39B002D75AC /* blog.png */ = {isa = PBXFileReference; lastKnownFileType = image.png; path = blog.png; sourceTree = "<group>"; };
		C030D342172DD453002D75AC /* SEGHomeHeader.h */ = {isa = PBXFileReference; fileEncoding = 4; lastKnownFileType = sourcecode.c.h; name = SEGHomeHeader.h; path = View/SEGHomeHeader.h; sourceTree = "<group>"; };
		C030D343172DD453002D75AC /* SEGHomeHeader.m */ = {isa = PBXFileReference; fileEncoding = 4; lastKnownFileType = sourcecode.c.objc; name = SEGHomeHeader.m; path = View/SEGHomeHeader.m; sourceTree = "<group>"; };
		C030D345172DD4EF002D75AC /* CoreText.framework */ = {isa = PBXFileReference; lastKnownFileType = wrapper.framework; name = CoreText.framework; path = System/Library/Frameworks/CoreText.framework; sourceTree = SDKROOT; };
		C030D347172DDDD0002D75AC /* 10s.png */ = {isa = PBXFileReference; lastKnownFileType = image.png; path = 10s.png; sourceTree = "<group>"; };
		C030D349172DED80002D75AC /* bookmark.png */ = {isa = PBXFileReference; lastKnownFileType = image.png; path = bookmark.png; sourceTree = "<group>"; };
		C030D34B172DEDEE002D75AC /* youtube.png */ = {isa = PBXFileReference; lastKnownFileType = image.png; path = youtube.png; sourceTree = "<group>"; };
		C030D34D172DEE92002D75AC /* apps.png */ = {isa = PBXFileReference; lastKnownFileType = image.png; path = apps.png; sourceTree = "<group>"; };
		C030D34F172DF4CB002D75AC /* SEGBookmarksVC.h */ = {isa = PBXFileReference; fileEncoding = 4; lastKnownFileType = sourcecode.c.h; name = SEGBookmarksVC.h; path = Controller/SEGBookmarksVC.h; sourceTree = "<group>"; };
		C030D350172DF4CB002D75AC /* SEGBookmarksVC.m */ = {isa = PBXFileReference; fileEncoding = 4; lastKnownFileType = sourcecode.c.objc; name = SEGBookmarksVC.m; path = Controller/SEGBookmarksVC.m; sourceTree = "<group>"; };
		C035AF3E172C496A00F294C5 /* SEGHomeVC.h */ = {isa = PBXFileReference; fileEncoding = 4; lastKnownFileType = sourcecode.c.h; name = SEGHomeVC.h; path = Controller/SEGHomeVC.h; sourceTree = "<group>"; };
		C035AF3F172C496A00F294C5 /* SEGHomeVC.m */ = {isa = PBXFileReference; fileEncoding = 4; lastKnownFileType = sourcecode.c.objc; name = SEGHomeVC.m; path = Controller/SEGHomeVC.m; sourceTree = "<group>"; };
		C035AF41172C4C2C00F294C5 /* SEGCollectionViewCell.h */ = {isa = PBXFileReference; fileEncoding = 4; lastKnownFileType = sourcecode.c.h; name = SEGCollectionViewCell.h; path = View/SEGCollectionViewCell.h; sourceTree = "<group>"; };
		C035AF42172C4C2C00F294C5 /* SEGCollectionViewCell.m */ = {isa = PBXFileReference; fileEncoding = 4; lastKnownFileType = sourcecode.c.objc; name = SEGCollectionViewCell.m; path = View/SEGCollectionViewCell.m; sourceTree = "<group>"; };
		C035AF46172C70FF00F294C5 /* backIcon.png */ = {isa = PBXFileReference; lastKnownFileType = image.png; path = backIcon.png; sourceTree = "<group>"; };
		C035AF47172C70FF00F294C5 /* backIcon@2x.png */ = {isa = PBXFileReference; lastKnownFileType = image.png; path = "backIcon@2x.png"; sourceTree = "<group>"; };
		C035AF48172C70FF00F294C5 /* forwardIcon.png */ = {isa = PBXFileReference; lastKnownFileType = image.png; path = forwardIcon.png; sourceTree = "<group>"; };
		C035AF49172C70FF00F294C5 /* forwardIcon@2x.png */ = {isa = PBXFileReference; lastKnownFileType = image.png; path = "forwardIcon@2x.png"; sourceTree = "<group>"; };
		C035AF4A172C70FF00F294C5 /* JHWebBrowser.h */ = {isa = PBXFileReference; fileEncoding = 4; lastKnownFileType = sourcecode.c.h; path = JHWebBrowser.h; sourceTree = "<group>"; };
		C035AF4B172C70FF00F294C5 /* JHWebBrowser.m */ = {isa = PBXFileReference; fileEncoding = 4; lastKnownFileType = sourcecode.c.objc; path = JHWebBrowser.m; sourceTree = "<group>"; };
		C035AF4C172C70FF00F294C5 /* JHWebBrowser.xib */ = {isa = PBXFileReference; fileEncoding = 4; lastKnownFileType = file.xib; path = JHWebBrowser.xib; sourceTree = "<group>"; };
		C035AF53172C74A300F294C5 /* SEGBlogListVC.h */ = {isa = PBXFileReference; fileEncoding = 4; lastKnownFileType = sourcecode.c.h; name = SEGBlogListVC.h; path = Controller/SEGBlogListVC.h; sourceTree = "<group>"; };
		C035AF54172C74A300F294C5 /* SEGBlogListVC.m */ = {isa = PBXFileReference; fileEncoding = 4; lastKnownFileType = sourcecode.c.objc; name = SEGBlogListVC.m; path = Controller/SEGBlogListVC.m; sourceTree = "<group>"; };
		C035AF57172C830C00F294C5 /* DetailViewController.h */ = {isa = PBXFileReference; fileEncoding = 4; lastKnownFileType = sourcecode.c.h; path = DetailViewController.h; sourceTree = "<group>"; };
		C035AF58172C830C00F294C5 /* DetailViewController.m */ = {isa = PBXFileReference; fileEncoding = 4; lastKnownFileType = sourcecode.c.objc; path = DetailViewController.m; sourceTree = "<group>"; };
		C035AF59172C830C00F294C5 /* VerticalSwipeScrollView.h */ = {isa = PBXFileReference; fileEncoding = 4; lastKnownFileType = sourcecode.c.h; path = VerticalSwipeScrollView.h; sourceTree = "<group>"; };
		C035AF5A172C830C00F294C5 /* VerticalSwipeScrollView.m */ = {isa = PBXFileReference; fileEncoding = 4; lastKnownFileType = sourcecode.c.objc; path = VerticalSwipeScrollView.m; sourceTree = "<group>"; };
		C035AF5D172C831900F294C5 /* DetailViewController.xib */ = {isa = PBXFileReference; fileEncoding = 4; lastKnownFileType = file.xib; path = DetailViewController.xib; sourceTree = "<group>"; };
		C035AF5E172C831900F294C5 /* PullArrow.png */ = {isa = PBXFileReference; lastKnownFileType = image.png; path = PullArrow.png; sourceTree = "<group>"; };
		C035AF5F172C831900F294C5 /* PullArrow@2x.png */ = {isa = PBXFileReference; lastKnownFileType = image.png; path = "PullArrow@2x.png"; sourceTree = "<group>"; };
		C035AF60172C831900F294C5 /* DetailView.html */ = {isa = PBXFileReference; fileEncoding = 4; lastKnownFileType = text.html; path = DetailView.html; sourceTree = "<group>"; };
		C035AF65172C9D9F00F294C5 /* SEGYoutubeCollectionVC.h */ = {isa = PBXFileReference; fileEncoding = 4; lastKnownFileType = sourcecode.c.h; name = SEGYoutubeCollectionVC.h; path = Controller/SEGYoutubeCollectionVC.h; sourceTree = "<group>"; };
		C035AF66172C9D9F00F294C5 /* SEGYoutubeCollectionVC.m */ = {isa = PBXFileReference; fileEncoding = 4; lastKnownFileType = sourcecode.c.objc; name = SEGYoutubeCollectionVC.m; path = Controller/SEGYoutubeCollectionVC.m; sourceTree = "<group>"; };
		C035AF68172CB95600F294C5 /* SEGYoutubeCell.h */ = {isa = PBXFileReference; fileEncoding = 4; lastKnownFileType = sourcecode.c.h; name = SEGYoutubeCell.h; path = View/SEGYoutubeCell.h; sourceTree = "<group>"; };
		C035AF69172CB95600F294C5 /* SEGYoutubeCell.m */ = {isa = PBXFileReference; fileEncoding = 4; lastKnownFileType = sourcecode.c.objc; name = SEGYoutubeCell.m; path = View/SEGYoutubeCell.m; sourceTree = "<group>"; };
		C035AF6B172CC97300F294C5 /* MediaPlayer.framework */ = {isa = PBXFileReference; lastKnownFileType = wrapper.framework; name = MediaPlayer.framework; path = System/Library/Frameworks/MediaPlayer.framework; sourceTree = SDKROOT; };
		F3E908E95134441DBA3A41C0 /* Pods.xcconfig */ = {isa = PBXFileReference; includeInIndex = 1; lastKnownFileType = text.xcconfig; name = Pods.xcconfig; path = Pods/Pods.xcconfig; sourceTree = SOURCE_ROOT; };
/* End PBXFileReference section */

/* Begin PBXFrameworksBuildPhase section */
		C00948CA172A0D950036D5DB /* Frameworks */ = {
			isa = PBXFrameworksBuildPhase;
			buildActionMask = 2147483647;
			files = (
				C030D346172DD4EF002D75AC /* CoreText.framework in Frameworks */,
				C035AF6C172CC97300F294C5 /* MediaPlayer.framework in Frameworks */,
				C00948D1172A0D950036D5DB /* UIKit.framework in Frameworks */,
				C00948D3172A0D950036D5DB /* Foundation.framework in Frameworks */,
				C00948D5172A0D950036D5DB /* CoreGraphics.framework in Frameworks */,
				053AD0FE01694A959ABEDD01 /* libPods.a in Frameworks */,
			);
			runOnlyForDeploymentPostprocessing = 0;
		};
/* End PBXFrameworksBuildPhase section */

/* Begin PBXGroup section */
		C00948C4172A0D950036D5DB = {
			isa = PBXGroup;
			children = (
				C00948D6172A0D950036D5DB /* AllAboutMe */,
				C00948CF172A0D950036D5DB /* Frameworks */,
				C00948CE172A0D950036D5DB /* Products */,
				F3E908E95134441DBA3A41C0 /* Pods.xcconfig */,
			);
			sourceTree = "<group>";
		};
		C00948CE172A0D950036D5DB /* Products */ = {
			isa = PBXGroup;
			children = (
				C00948CD172A0D950036D5DB /* AllAboutMe.app */,
			);
			name = Products;
			sourceTree = "<group>";
		};
		C00948CF172A0D950036D5DB /* Frameworks */ = {
			isa = PBXGroup;
			children = (
				C030D345172DD4EF002D75AC /* CoreText.framework */,
				C035AF6B172CC97300F294C5 /* MediaPlayer.framework */,
				C00948D0172A0D950036D5DB /* UIKit.framework */,
				C00948D2172A0D950036D5DB /* Foundation.framework */,
				C00948D4172A0D950036D5DB /* CoreGraphics.framework */,
				998187E241CD496CAC7410EA /* libPods.a */,
			);
			name = Frameworks;
			sourceTree = "<group>";
		};
		C00948D6172A0D950036D5DB /* AllAboutMe */ = {
			isa = PBXGroup;
			children = (
				C00948F0172A1B340036D5DB /* Resources */,
				C00948EF172A1B2C0036D5DB /* Controller */,
				C00948EE172A1B280036D5DB /* View */,
				C00948ED172A1B190036D5DB /* Model */,
				C00948DF172A0D950036D5DB /* SEGAppDelegate.h */,
				C00948E0172A0D950036D5DB /* SEGAppDelegate.m */,
				C00948D7172A0D950036D5DB /* Supporting Files */,
			);
			path = AllAboutMe;
			sourceTree = "<group>";
		};
		C00948D7172A0D950036D5DB /* Supporting Files */ = {
			isa = PBXGroup;
			children = (
				C00948D8172A0D950036D5DB /* AllAboutMe-Info.plist */,
				C00948D9172A0D950036D5DB /* InfoPlist.strings */,
				C00948DC172A0D950036D5DB /* main.m */,
				C00948DE172A0D950036D5DB /* AllAboutMe-Prefix.pch */,
				C00948E2172A0D950036D5DB /* Default.png */,
				C00948E4172A0D950036D5DB /* Default@2x.png */,
				C00948E6172A0D950036D5DB /* Default-568h@2x.png */,
			);
			name = "Supporting Files";
			sourceTree = "<group>";
		};
		C00948ED172A1B190036D5DB /* Model */ = {
			isa = PBXGroup;
			children = (
				C00948F1172A1D5E0036D5DB /* SEGUser.h */,
				C00948F2172A1D5E0036D5DB /* SEGUser.m */,
			);
			name = Model;
			sourceTree = "<group>";
		};
		C00948EE172A1B280036D5DB /* View */ = {
			isa = PBXGroup;
			children = (
				C00948FA172B5C0B0036D5DB /* SEGADNCell.h */,
				C00948FB172B5C0B0036D5DB /* SEGADNCell.m */,
				C035AF41172C4C2C00F294C5 /* SEGCollectionViewCell.h */,
				C035AF42172C4C2C00F294C5 /* SEGCollectionViewCell.m */,
				C035AF68172CB95600F294C5 /* SEGYoutubeCell.h */,
				C035AF69172CB95600F294C5 /* SEGYoutubeCell.m */,
				C030D342172DD453002D75AC /* SEGHomeHeader.h */,
				C030D343172DD453002D75AC /* SEGHomeHeader.m */,
			);
			name = View;
			sourceTree = "<group>";
		};
		C00948EF172A1B2C0036D5DB /* Controller */ = {
			isa = PBXGroup;
			children = (
				C035AF56172C824B00F294C5 /* Reeder */,
				C035AF44172C70FF00F294C5 /* JHWebBrowser */,
				C00948F7172B4D710036D5DB /* SEGFollowVC.h */,
				C00948F8172B4D710036D5DB /* SEGFollowVC.m */,
				C00948FD172B602B0036D5DB /* SEGADNViewController.h */,
				C00948FE172B602B0036D5DB /* SEGADNViewController.m */,
				C035AF3E172C496A00F294C5 /* SEGHomeVC.h */,
				C035AF3F172C496A00F294C5 /* SEGHomeVC.m */,
				C035AF53172C74A300F294C5 /* SEGBlogListVC.h */,
				C035AF54172C74A300F294C5 /* SEGBlogListVC.m */,
				C035AF65172C9D9F00F294C5 /* SEGYoutubeCollectionVC.h */,
				C035AF66172C9D9F00F294C5 /* SEGYoutubeCollectionVC.m */,
				C030D34F172DF4CB002D75AC /* SEGBookmarksVC.h */,
				C030D350172DF4CB002D75AC /* SEGBookmarksVC.m */,
			);
			name = Controller;
			sourceTree = "<group>";
		};
		C00948F0172A1B340036D5DB /* Resources */ = {
			isa = PBXGroup;
			children = (
				C030D34D172DEE92002D75AC /* apps.png */,
				C030D34B172DEDEE002D75AC /* youtube.png */,
				C030D349172DED80002D75AC /* bookmark.png */,
				C030D347172DDDD0002D75AC /* 10s.png */,
				C030D340172DD39B002D75AC /* blog.png */,
				C030D33E172DD2D6002D75AC /* website.png */,
				C030D33C172DCF5D002D75AC /* adn.png */,
				C0094905172B7E1D0036D5DB /* bg.jpg */,
				C0094900172B78650036D5DB /* Fonts */,
			);
			name = Resources;
			sourceTree = "<group>";
		};
		C0094900172B78650036D5DB /* Fonts */ = {
			isa = PBXGroup;
			children = (
				C0094903172B78FC0036D5DB /* ss-standard.ttf */,
				C0094901172B78E80036D5DB /* ss-social-regular.ttf */,
			);
			name = Fonts;
			sourceTree = "<group>";
		};
		C035AF44172C70FF00F294C5 /* JHWebBrowser */ = {
			isa = PBXGroup;
			children = (
				C035AF45172C70FF00F294C5 /* Images */,
				C035AF4A172C70FF00F294C5 /* JHWebBrowser.h */,
				C035AF4B172C70FF00F294C5 /* JHWebBrowser.m */,
				C035AF4C172C70FF00F294C5 /* JHWebBrowser.xib */,
			);
			path = JHWebBrowser;
			sourceTree = "<group>";
		};
		C035AF45172C70FF00F294C5 /* Images */ = {
			isa = PBXGroup;
			children = (
				C035AF46172C70FF00F294C5 /* backIcon.png */,
				C035AF47172C70FF00F294C5 /* backIcon@2x.png */,
				C035AF48172C70FF00F294C5 /* forwardIcon.png */,
				C035AF49172C70FF00F294C5 /* forwardIcon@2x.png */,
			);
			path = Images;
			sourceTree = "<group>";
		};
		C035AF56172C824B00F294C5 /* Reeder */ = {
			isa = PBXGroup;
			children = (
				C035AF5D172C831900F294C5 /* DetailViewController.xib */,
				C035AF5E172C831900F294C5 /* PullArrow.png */,
				C035AF5F172C831900F294C5 /* PullArrow@2x.png */,
				C035AF60172C831900F294C5 /* DetailView.html */,
				C035AF57172C830C00F294C5 /* DetailViewController.h */,
				C035AF58172C830C00F294C5 /* DetailViewController.m */,
				C035AF59172C830C00F294C5 /* VerticalSwipeScrollView.h */,
				C035AF5A172C830C00F294C5 /* VerticalSwipeScrollView.m */,
			);
			name = Reeder;
			sourceTree = "<group>";
		};
/* End PBXGroup section */

/* Begin PBXNativeTarget section */
		C00948CC172A0D950036D5DB /* AllAboutMe */ = {
			isa = PBXNativeTarget;
			buildConfigurationList = C00948EA172A0D950036D5DB /* Build configuration list for PBXNativeTarget "AllAboutMe" */;
			buildPhases = (
				2081722DC16E4AA3A94728F1 /* Check Pods Manifest.lock */,
				C00948C9172A0D950036D5DB /* Sources */,
				C00948CA172A0D950036D5DB /* Frameworks */,
				C00948CB172A0D950036D5DB /* Resources */,
				4AA1460939CC404185805D09 /* Copy Pods Resources */,
			);
			buildRules = (
			);
			dependencies = (
			);
			name = AllAboutMe;
			productName = AllAboutMe;
			productReference = C00948CD172A0D950036D5DB /* AllAboutMe.app */;
			productType = "com.apple.product-type.application";
		};
/* End PBXNativeTarget section */

/* Begin PBXProject section */
		C00948C5172A0D950036D5DB /* Project object */ = {
			isa = PBXProject;
			attributes = {
				CLASSPREFIX = SEG;
				LastUpgradeCheck = 0460;
				ORGANIZATIONNAME = "Samuel E. Giddins";
			};
			buildConfigurationList = C00948C8172A0D950036D5DB /* Build configuration list for PBXProject "AllAboutMe" */;
			compatibilityVersion = "Xcode 3.2";
			developmentRegion = English;
			hasScannedForEncodings = 0;
			knownRegions = (
				en,
			);
			mainGroup = C00948C4172A0D950036D5DB;
			productRefGroup = C00948CE172A0D950036D5DB /* Products */;
			projectDirPath = "";
			projectRoot = "";
			targets = (
				C00948CC172A0D950036D5DB /* AllAboutMe */,
			);
		};
/* End PBXProject section */

/* Begin PBXResourcesBuildPhase section */
		C00948CB172A0D950036D5DB /* Resources */ = {
			isa = PBXResourcesBuildPhase;
			buildActionMask = 2147483647;
			files = (
				C00948DB172A0D950036D5DB /* InfoPlist.strings in Resources */,
				C00948E3172A0D950036D5DB /* Default.png in Resources */,
				C00948E5172A0D950036D5DB /* Default@2x.png in Resources */,
				C00948E7172A0D950036D5DB /* Default-568h@2x.png in Resources */,
				C0094902172B78E80036D5DB /* ss-social-regular.ttf in Resources */,
				C0094904172B78FC0036D5DB /* ss-standard.ttf in Resources */,
				C0094906172B7E1D0036D5DB /* bg.jpg in Resources */,
				C035AF4D172C70FF00F294C5 /* backIcon.png in Resources */,
				C035AF4E172C70FF00F294C5 /* backIcon@2x.png in Resources */,
				C035AF4F172C70FF00F294C5 /* forwardIcon.png in Resources */,
				C035AF50172C70FF00F294C5 /* forwardIcon@2x.png in Resources */,
				C035AF52172C70FF00F294C5 /* JHWebBrowser.xib in Resources */,
				C035AF61172C831900F294C5 /* DetailViewController.xib in Resources */,
				C035AF62172C831900F294C5 /* PullArrow.png in Resources */,
				C035AF63172C831900F294C5 /* PullArrow@2x.png in Resources */,
				C035AF64172C831900F294C5 /* DetailView.html in Resources */,
				C030D33D172DCF5D002D75AC /* adn.png in Resources */,
				C030D33F172DD2D6002D75AC /* website.png in Resources */,
				C030D341172DD39B002D75AC /* blog.png in Resources */,
				C030D348172DDDD0002D75AC /* 10s.png in Resources */,
				C030D34A172DED80002D75AC /* bookmark.png in Resources */,
				C030D34C172DEDEE002D75AC /* youtube.png in Resources */,
				C030D34E172DEE92002D75AC /* apps.png in Resources */,
			);
			runOnlyForDeploymentPostprocessing = 0;
		};
/* End PBXResourcesBuildPhase section */

/* Begin PBXShellScriptBuildPhase section */
		2081722DC16E4AA3A94728F1 /* Check Pods Manifest.lock */ = {
			isa = PBXShellScriptBuildPhase;
			buildActionMask = 2147483647;
			files = (
			);
			inputPaths = (
			);
			name = "Check Pods Manifest.lock";
			outputPaths = (
			);
			runOnlyForDeploymentPostprocessing = 0;
			shellPath = /bin/sh;
			shellScript = "diff \"${PODS_ROOT}/../Podfile.lock\" \"${PODS_ROOT}/Manifest.lock\" > /dev/null\nif [[ $? != 0 ]] ; then\n    cat << EOM\nerror: The sanbox is not in sync with the Podfile.lock. Run 'pod install'.\nEOM\n    exit 1\nfi\n";
		};
		4AA1460939CC404185805D09 /* Copy Pods Resources */ = {
			isa = PBXShellScriptBuildPhase;
			buildActionMask = 2147483647;
			files = (
			);
			inputPaths = (
			);
			name = "Copy Pods Resources";
			outputPaths = (
			);
			runOnlyForDeploymentPostprocessing = 0;
			shellPath = /bin/sh;
			shellScript = "\"${SRCROOT}/Pods/Pods-resources.sh\"\n";
		};
/* End PBXShellScriptBuildPhase section */

/* Begin PBXSourcesBuildPhase section */
		C00948C9172A0D950036D5DB /* Sources */ = {
			isa = PBXSourcesBuildPhase;
			buildActionMask = 2147483647;
			files = (
				C00948DD172A0D950036D5DB /* main.m in Sources */,
				C00948E1172A0D950036D5DB /* SEGAppDelegate.m in Sources */,
				C00948F3172A1D5E0036D5DB /* SEGUser.m in Sources */,
				C00948F9172B4D710036D5DB /* SEGFollowVC.m in Sources */,
				C00948FC172B5C0B0036D5DB /* SEGADNCell.m in Sources */,
				C00948FF172B602B0036D5DB /* SEGADNViewController.m in Sources */,
				C035AF40172C496A00F294C5 /* SEGHomeVC.m in Sources */,
				C035AF43172C4C2C00F294C5 /* SEGCollectionViewCell.m in Sources */,
				C035AF51172C70FF00F294C5 /* JHWebBrowser.m in Sources */,
				C035AF55172C74A300F294C5 /* SEGBlogListVC.m in Sources */,
				C035AF5B172C830C00F294C5 /* DetailViewController.m in Sources */,
				C035AF5C172C830C00F294C5 /* VerticalSwipeScrollView.m in Sources */,
				C035AF67172C9D9F00F294C5 /* SEGYoutubeCollectionVC.m in Sources */,
				C035AF6A172CB95700F294C5 /* SEGYoutubeCell.m in Sources */,
				C030D344172DD453002D75AC /* SEGHomeHeader.m in Sources */,
				C030D351172DF4CB002D75AC /* SEGBookmarksVC.m in Sources */,
			);
			runOnlyForDeploymentPostprocessing = 0;
		};
/* End PBXSourcesBuildPhase section */

/* Begin PBXVariantGroup section */
		C00948D9172A0D950036D5DB /* InfoPlist.strings */ = {
			isa = PBXVariantGroup;
			children = (
				C00948DA172A0D950036D5DB /* en */,
			);
			name = InfoPlist.strings;
			sourceTree = "<group>";
		};
/* End PBXVariantGroup section */

/* Begin XCBuildConfiguration section */
		C00948E8172A0D950036D5DB /* Debug */ = {
			isa = XCBuildConfiguration;
			buildSettings = {
				ALWAYS_SEARCH_USER_PATHS = NO;
				CLANG_CXX_LANGUAGE_STANDARD = "gnu++0x";
				CLANG_CXX_LIBRARY = "libc++";
				CLANG_ENABLE_OBJC_ARC = YES;
				CLANG_WARN_CONSTANT_CONVERSION = YES;
				CLANG_WARN_EMPTY_BODY = YES;
				CLANG_WARN_ENUM_CONVERSION = YES;
				CLANG_WARN_INT_CONVERSION = YES;
				CLANG_WARN__DUPLICATE_METHOD_MATCH = YES;
				"CODE_SIGN_IDENTITY[sdk=iphoneos*]" = "iPhone Developer";
				COPY_PHASE_STRIP = NO;
				GCC_C_LANGUAGE_STANDARD = gnu99;
				GCC_DYNAMIC_NO_PIC = NO;
				GCC_OPTIMIZATION_LEVEL = 0;
				GCC_PREPROCESSOR_DEFINITIONS = (
					"DEBUG=1",
					"$(inherited)",
				);
				GCC_SYMBOLS_PRIVATE_EXTERN = NO;
				GCC_WARN_ABOUT_RETURN_TYPE = YES;
				GCC_WARN_UNINITIALIZED_AUTOS = YES;
				GCC_WARN_UNUSED_VARIABLE = YES;
				IPHONEOS_DEPLOYMENT_TARGET = 6.1;
				ONLY_ACTIVE_ARCH = YES;
				SDKROOT = iphoneos;
			};
			name = Debug;
		};
		C00948E9172A0D950036D5DB /* Release */ = {
			isa = XCBuildConfiguration;
			buildSettings = {
				ALWAYS_SEARCH_USER_PATHS = NO;
				CLANG_CXX_LANGUAGE_STANDARD = "gnu++0x";
				CLANG_CXX_LIBRARY = "libc++";
				CLANG_ENABLE_OBJC_ARC = YES;
				CLANG_WARN_CONSTANT_CONVERSION = YES;
				CLANG_WARN_EMPTY_BODY = YES;
				CLANG_WARN_ENUM_CONVERSION = YES;
				CLANG_WARN_INT_CONVERSION = YES;
				CLANG_WARN__DUPLICATE_METHOD_MATCH = YES;
				"CODE_SIGN_IDENTITY[sdk=iphoneos*]" = "iPhone Developer";
				COPY_PHASE_STRIP = YES;
				GCC_C_LANGUAGE_STANDARD = gnu99;
				GCC_WARN_ABOUT_RETURN_TYPE = YES;
				GCC_WARN_UNINITIALIZED_AUTOS = YES;
				GCC_WARN_UNUSED_VARIABLE = YES;
				IPHONEOS_DEPLOYMENT_TARGET = 6.1;
				OTHER_CFLAGS = "-DNS_BLOCK_ASSERTIONS=1";
				SDKROOT = iphoneos;
				VALIDATE_PRODUCT = YES;
			};
			name = Release;
		};
		C00948EB172A0D950036D5DB /* Debug */ = {
			isa = XCBuildConfiguration;
			baseConfigurationReference = F3E908E95134441DBA3A41C0 /* Pods.xcconfig */;
			buildSettings = {
				GCC_PRECOMPILE_PREFIX_HEADER = YES;
				GCC_PREFIX_HEADER = "AllAboutMe/AllAboutMe-Prefix.pch";
				INFOPLIST_FILE = "AllAboutMe/AllAboutMe-Info.plist";
				PRODUCT_NAME = "$(TARGET_NAME)";
				WRAPPER_EXTENSION = app;
			};
			name = Debug;
		};
		C00948EC172A0D950036D5DB /* Release */ = {
			isa = XCBuildConfiguration;
			baseConfigurationReference = F3E908E95134441DBA3A41C0 /* Pods.xcconfig */;
			buildSettings = {
				GCC_PRECOMPILE_PREFIX_HEADER = YES;
				GCC_PREFIX_HEADER = "AllAboutMe/AllAboutMe-Prefix.pch";
				INFOPLIST_FILE = "AllAboutMe/AllAboutMe-Info.plist";
				PRODUCT_NAME = "$(TARGET_NAME)";
				WRAPPER_EXTENSION = app;
			};
			name = Release;
		};
/* End XCBuildConfiguration section */

/* Begin XCConfigurationList section */
		C00948C8172A0D950036D5DB /* Build configuration list for PBXProject "AllAboutMe" */ = {
			isa = XCConfigurationList;
			buildConfigurations = (
				C00948E8172A0D950036D5DB /* Debug */,
				C00948E9172A0D950036D5DB /* Release */,
			);
			defaultConfigurationIsVisible = 0;
			defaultConfigurationName = Release;
		};
		C00948EA172A0D950036D5DB /* Build configuration list for PBXNativeTarget "AllAboutMe" */ = {
			isa = XCConfigurationList;
			buildConfigurations = (
				C00948EB172A0D950036D5DB /* Debug */,
				C00948EC172A0D950036D5DB /* Release */,
			);
			defaultConfigurationIsVisible = 0;
			defaultConfigurationName = Release;
		};
/* End XCConfigurationList section */
	};
	rootObject = C00948C5172A0D950036D5DB /* Project object */;
}
